{
  "version": 4,
  "terraform_version": "1.14.7",
  "serial": 9,
  "lineage": "5dbc4577-ea63-b76f-2936-7b3e6eddc5e2",
  "outputs": {},
  "resources": [
    {
      "mode": "managed",
      "type": "aws_instance",
      "name": "terraform_instance",
      "provider": "provider[\"registry.terraform.io/hashicorp/aws\"]",
      "instances": [
        {
          "schema_version": 2,
          "attributes": {
            "ami": "ami-0312bcacbe51d03c8",
            "arn": "arn:aws:ec2:ap-southeast-2:941875981289:instance/i-0e61687a534ccb7fa",
            "associate_public_ip_address": true,
            "availability_zone": "ap-southeast-2c",
            "capacity_reservation_specification": [
              {
                "capacity_reservation_preference": "open",
                "capacity_reservation_target": []
              }
            ],
            "cpu_options": [
              {
                "amd_sev_snp": "",
                "core_count": 1,
                "nested_virtualization": "",
                "threads_per_core": 2
              }
            ],
            "credit_specification": [
              {
                "cpu_credits": "unlimited"
              }
            ],
            "disable_api_stop": false,
            "disable_api_termination": false,
            "ebs_block_device": [],
            "ebs_optimized": false,
            "enable_primary_ipv6": null,
            "enclave_options": [
              {
                "enabled": false
              }
            ],
            "ephemeral_block_device": [],
            "force_destroy": false,
            "get_password_data": false,
            "hibernation": false,
            "host_id": "",
            "host_resource_group_arn": null,
            "iam_instance_profile": "",
            "id": "i-0e61687a534ccb7fa",
            "instance_initiated_shutdown_behavior": "stop",
            "instance_lifecycle": "",
            "instance_market_options": [],
            "instance_state": "running",
            "instance_type": "t3.small",
            "ipv6_address_count": 0,
            "ipv6_addresses": [],
            "key_name": "terraform-key",
            "launch_template": [],
            "maintenance_options": [
              {
                "auto_recovery": "default"
              }
            ],
            "metadata_options": [
              {
                "http_endpoint": "enabled",
                "http_protocol_ipv6": "disabled",
                "http_put_response_hop_limit": 2,
                "http_tokens": "required",
                "instance_metadata_tags": "disabled"
              }
            ],
            "monitoring": false,
            "network_interface": [],
            "outpost_arn": "",
            "password_data": "",
            "placement_group": "",
            "placement_group_id": "",
            "placement_partition_number": 0,
            "primary_network_interface": [
              {
                "delete_on_termination": true,
                "network_interface_id": "eni-0797b26766cfd49dc"
              }
            ],
            "primary_network_interface_id": "eni-0797b26766cfd49dc",
            "private_dns": "ip-172-31-18-23.ap-southeast-2.compute.internal",
            "private_dns_name_options": [
              {
                "enable_resource_name_dns_a_record": false,
                "enable_resource_name_dns_aaaa_record": false,
                "hostname_type": "ip-name"
              }
            ],
            "private_ip": "172.31.18.23",
            "public_dns": "ec2-3-106-203-130.ap-southeast-2.compute.amazonaws.com",
            "public_ip": "3.106.203.130",
            "region": "ap-southeast-2",
            "root_block_device": [
              {
                "delete_on_termination": true,
                "device_name": "/dev/sda1",
                "encrypted": false,
                "iops": 3000,
                "kms_key_id": "",
                "tags": {},
                "tags_all": {},
                "throughput": 125,
                "volume_id": "vol-0f3eff7cd0d1e84c8",
                "volume_size": 8,
                "volume_type": "gp3"
              }
            ],
            "secondary_network_interface": [],
            "secondary_private_ips": [],
            "security_groups": [
              "ssh"
            ],
            "source_dest_check": true,
            "spot_instance_request_id": "",
            "subnet_id": "subnet-0667d74b5f97df1f6",
            "tags": {
              "Name": "Terraform-instance"
            },
            "tags_all": {
              "Name": "Terraform-instance"
            },
            "tenancy": "default",
            "timeouts": null,
            "user_data": null,
            "user_data_base64": null,
            "user_data_replace_on_change": false,
            "volume_tags": null,
            "vpc_security_group_ids": [
              "sg-06d0462a7873118db"
            ]
          },
          "sensitive_attributes": [],
          "identity_schema_version": 0,
          "identity": {
            "account_id": "941875981289",
            "id": "i-0e61687a534ccb7fa",
            "region": "ap-southeast-2"
          },
          "private": "eyJlMmJmYjczMC1lY2FhLTExZTYtOGY4OC0zNDM2M2JjN2M0YzAiOnsiY3JlYXRlIjo2MDAwMDAwMDAwMDAsImRlbGV0ZSI6MTIwMDAwMDAwMDAwMCwicmVhZCI6OTAwMDAwMDAwMDAwLCJ1cGRhdGUiOjYwMDAwMDAwMDAwMH0sInNjaGVtYV92ZXJzaW9uIjoiMiJ9",
          "dependencies": [
            "aws_key_pair.terraform-key",
            "aws_security_group.ssh"
          ]
        }
      ]
    },
    {
      "mode": "managed",
      "type": "aws_key_pair",
      "name": "terraform-key",
      "provider": "provider[\"registry.terraform.io/hashicorp/aws\"]",
      "instances": [
        {
          "schema_version": 1,
          "attributes": {
            "arn": "arn:aws:ec2:ap-southeast-2:941875981289:key-pair/terraform-key",
            "fingerprint": "10:1a:69:6a:9b:55:63:f0:43:67:24:86:6e:48:44:a7",
            "id": "terraform-key",
            "key_name": "terraform-key",
            "key_name_prefix": "",
            "key_pair_id": "key-0d7a8313495578bc7",
            "key_type": "rsa",
            "public_key": "ssh-rsa AAAAB3NzaC1yc2EAAAADAQABAAACAQCxTrTg4u3kv/ZtqRfydjDuhVEl6Z5hoEw9JfzC3opF32qoOKJfe4VzM2URh/J4pch6b8wz4o2I/dN9hIUs2jXPd/aGhRC/IaLaphndc8l+/ecJtWFOwLhiF8o9MLNgx4cY6RzuHOwjLwOBgmGTAhft1vdQmksiUPToKRQM/mw0+HVxk5qgPq4HtgeVY46CMO+v5ng+/E0J8ndHc0UvCX0r/qeb6ctXYnqbsFVzPmrJ6j/yjvCnUFMtMyqrmmxUQAasSB/qQBCITCYkjLuLGwEJGj6yutDXMp+UmAy2oFDhrrS+yVxk+G6hKCvhqB4W913L8cN+YutcYglFsGwQnMzW5DVHUP9LT9cAqgvtqHJXGMi1EtdeZFuenlE9hb7tDVL1bUt+gGA+kCA3k2bpqYt77tTAnohsl74dBzq0P3qyA60NtnzDGb5CIQAn+gi359/u4iM/uQigelCIPdHYgDgwjLKJCLemOyVlvf+l4+ZlyEzGyDjuU+nyvRxALBJyNHZ9VG7itKIxWjaJIohzR/OmjVENOWa0uiSoFcOvHx9AxgfrgdZ9ohbPHLCrUFgSUuPD8CC84J+4j/I52yY501dS7QXAj97MX/wlcLsuYV8uShOsEsQ63VLGQuBijz1QWVEhCdYV43bO7G7qODwvfuPwnWjSEKbcBMJPHKIJL4er0w== dell@DESKTOP-FKKAT1B",
            "region": "ap-southeast-2",
            "tags": null,
            "tags_all": {}
          },
          "sensitive_attributes": [],
          "identity_schema_version": 0,
          "private": "eyJzY2hlbWFfdmVyc2lvbiI6IjEifQ=="
        }
      ]
    },
    {
      "mode": "managed",
      "type": "aws_security_group",
      "name": "ssh",
      "provider": "provider[\"registry.terraform.io/hashicorp/aws\"]",
      "instances": [
        {
          "schema_version": 1,
          "attributes": {
            "arn": "arn:aws:ec2:ap-southeast-2:941875981289:security-group/sg-06d0462a7873118db",
            "description": "Managed by Terraform",
            "egress": [],
            "id": "sg-06d0462a7873118db",
            "ingress": [
              {
                "cidr_blocks": [
                  "0.0.0.0/0"
                ],
                "description": "Allow SSH access from anywhere",
                "from_port": 22,
                "ipv6_cidr_blocks": [],
                "prefix_list_ids": [],
                "protocol": "tcp",
                "security_groups": [],
                "self": false,
                "to_port": 22
              }
            ],
            "name": "ssh",
            "name_prefix": "",
            "owner_id": "941875981289",
            "region": "ap-southeast-2",
            "revoke_rules_on_delete": false,
            "tags": null,
            "tags_all": {},
            "timeouts": null,
            "vpc_id": "vpc-01c1edcf93a4460ac"
          },
          "sensitive_attributes": [],
          "identity_schema_version": 0,
          "identity": {
            "account_id": "941875981289",
            "id": "sg-06d0462a7873118db",
            "region": "ap-southeast-2"
          },
          "private": "eyJlMmJmYjczMC1lY2FhLTExZTYtOGY4OC0zNDM2M2JjN2M0YzAiOnsiY3JlYXRlIjo2MDAwMDAwMDAwMDAsImRlbGV0ZSI6OTAwMDAwMDAwMDAwfSwic2NoZW1hX3ZlcnNpb24iOiIxIn0="
        }
      ]
    }
  ],
  "check_results": null
}
